// !$*UTF8*$!
{
	archiveVersion = 1;
	classes = {
	};
	objectVersion = 50;
	objects = {

/* Begin PBXBuildFile section */
		C5DCB79625D87D7700220690 /* AppDelegate.swift in Sources */ = {isa = PBXBuildFile; fileRef = C5DCB79525D87D7700220690 /* AppDelegate.swift */; };
		C5DCB79825D87D7700220690 /* SceneDelegate.swift in Sources */ = {isa = PBXBuildFile; fileRef = C5DCB79725D87D7700220690 /* SceneDelegate.swift */; };
		C5DCB79A25D87D7700220690 /* ViewController.swift in Sources */ = {isa = PBXBuildFile; fileRef = C5DCB79925D87D7700220690 /* ViewController.swift */; };
		C5DCB79D25D87D7700220690 /* Main.storyboard in Resources */ = {isa = PBXBuildFile; fileRef = C5DCB79B25D87D7700220690 /* Main.storyboard */; };
		C5DCB79F25D87D7A00220690 /* Assets.xcassets in Resources */ = {isa = PBXBuildFile; fileRef = C5DCB79E25D87D7A00220690 /* Assets.xcassets */; };
		C5DCB7A225D87D7A00220690 /* LaunchScreen.storyboard in Resources */ = {isa = PBXBuildFile; fileRef = C5DCB7A025D87D7A00220690 /* LaunchScreen.storyboard */; };
		C5DCB7AD25D87D7B00220690 /* GBShopRSNTests.swift in Sources */ = {isa = PBXBuildFile; fileRef = C5DCB7AC25D87D7B00220690 /* GBShopRSNTests.swift */; };
		C5DCB7B825D87D7B00220690 /* GBShopRSNUITests.swift in Sources */ = {isa = PBXBuildFile; fileRef = C5DCB7B725D87D7B00220690 /* GBShopRSNUITests.swift */; };
/* End PBXBuildFile section */

/* Begin PBXContainerItemProxy section */
		C5DCB7A925D87D7B00220690 /* PBXContainerItemProxy */ = {
			isa = PBXContainerItemProxy;
			containerPortal = C5DCB78A25D87D7600220690 /* Project object */;
			proxyType = 1;
			remoteGlobalIDString = C5DCB79125D87D7700220690;
			remoteInfo = GBShopRSN;
		};
		C5DCB7B425D87D7B00220690 /* PBXContainerItemProxy */ = {
			isa = PBXContainerItemProxy;
			containerPortal = C5DCB78A25D87D7600220690 /* Project object */;
			proxyType = 1;
			remoteGlobalIDString = C5DCB79125D87D7700220690;
			remoteInfo = GBShopRSN;
		};
/* End PBXContainerItemProxy section */

/* Begin PBXFileReference section */
		C5DCB79225D87D7700220690 /* GBShopRSN.app */ = {isa = PBXFileReference; explicitFileType = wrapper.application; includeInIndex = 0; path = GBShopRSN.app; sourceTree = BUILT_PRODUCTS_DIR; };
		C5DCB79525D87D7700220690 /* AppDelegate.swift */ = {isa = PBXFileReference; lastKnownFileType = sourcecode.swift; path = AppDelegate.swift; sourceTree = "<group>"; };
		C5DCB79725D87D7700220690 /* SceneDelegate.swift */ = {isa = PBXFileReference; lastKnownFileType = sourcecode.swift; path = SceneDelegate.swift; sourceTree = "<group>"; };
		C5DCB79925D87D7700220690 /* ViewController.swift */ = {isa = PBXFileReference; lastKnownFileType = sourcecode.swift; path = ViewController.swift; sourceTree = "<group>"; };
		C5DCB79C25D87D7700220690 /* Base */ = {isa = PBXFileReference; lastKnownFileType = file.storyboard; name = Base; path = Base.lproj/Main.storyboard; sourceTree = "<group>"; };
		C5DCB79E25D87D7A00220690 /* Assets.xcassets */ = {isa = PBXFileReference; lastKnownFileType = folder.assetcatalog; path = Assets.xcassets; sourceTree = "<group>"; };
		C5DCB7A125D87D7A00220690 /* Base */ = {isa = PBXFileReference; lastKnownFileType = file.storyboard; name = Base; path = Base.lproj/LaunchScreen.storyboard; sourceTree = "<group>"; };
		C5DCB7A325D87D7A00220690 /* Info.plist */ = {isa = PBXFileReference; lastKnownFileType = text.plist.xml; path = Info.plist; sourceTree = "<group>"; };
		C5DCB7A825D87D7B00220690 /* GBShopRSNTests.xctest */ = {isa = PBXFileReference; explicitFileType = wrapper.cfbundle; includeInIndex = 0; path = GBShopRSNTests.xctest; sourceTree = BUILT_PRODUCTS_DIR; };
		C5DCB7AC25D87D7B00220690 /* GBShopRSNTests.swift */ = {isa = PBXFileReference; lastKnownFileType = sourcecode.swift; path = GBShopRSNTests.swift; sourceTree = "<group>"; };
		C5DCB7AE25D87D7B00220690 /* Info.plist */ = {isa = PBXFileReference; lastKnownFileType = text.plist.xml; path = Info.plist; sourceTree = "<group>"; };
		C5DCB7B325D87D7B00220690 /* GBShopRSNUITests.xctest */ = {isa = PBXFileReference; explicitFileType = wrapper.cfbundle; includeInIndex = 0; path = GBShopRSNUITests.xctest; sourceTree = BUILT_PRODUCTS_DIR; };
		C5DCB7B725D87D7B00220690 /* GBShopRSNUITests.swift */ = {isa = PBXFileReference; lastKnownFileType = sourcecode.swift; path = GBShopRSNUITests.swift; sourceTree = "<group>"; };
		C5DCB7B925D87D7B00220690 /* Info.plist */ = {isa = PBXFileReference; lastKnownFileType = text.plist.xml; path = Info.plist; sourceTree = "<group>"; };
/* End PBXFileReference section */

/* Begin PBXFrameworksBuildPhase section */
		C5DCB78F25D87D7700220690 /* Frameworks */ = {
			isa = PBXFrameworksBuildPhase;
			buildActionMask = 2147483647;
			files = (
			);
			runOnlyForDeploymentPostprocessing = 0;
		};
		C5DCB7A525D87D7B00220690 /* Frameworks */ = {
			isa = PBXFrameworksBuildPhase;
			buildActionMask = 2147483647;
			files = (
			);
			runOnlyForDeploymentPostprocessing = 0;
		};
		C5DCB7B025D87D7B00220690 /* Frameworks */ = {
			isa = PBXFrameworksBuildPhase;
			buildActionMask = 2147483647;
			files = (
			);
			runOnlyForDeploymentPostprocessing = 0;
		};
/* End PBXFrameworksBuildPhase section */

/* Begin PBXGroup section */
		C5DCB78925D87D7600220690 = {
			isa = PBXGroup;
			children = (
				C5DCB79425D87D7700220690 /* GBShopRSN */,
				C5DCB7AB25D87D7B00220690 /* GBShopRSNTests */,
				C5DCB7B625D87D7B00220690 /* GBShopRSNUITests */,
				C5DCB79325D87D7700220690 /* Products */,
			);
			sourceTree = "<group>";
		};
		C5DCB79325D87D7700220690 /* Products */ = {
			isa = PBXGroup;
			children = (
				C5DCB79225D87D7700220690 /* GBShopRSN.app */,
				C5DCB7A825D87D7B00220690 /* GBShopRSNTests.xctest */,
				C5DCB7B325D87D7B00220690 /* GBShopRSNUITests.xctest */,
			);
			name = Products;
			sourceTree = "<group>";
		};
		C5DCB79425D87D7700220690 /* GBShopRSN */ = {
			isa = PBXGroup;
			children = (
				C5DCB79525D87D7700220690 /* AppDelegate.swift */,
				C5DCB79725D87D7700220690 /* SceneDelegate.swift */,
				C5DCB79925D87D7700220690 /* ViewController.swift */,
				C5DCB79B25D87D7700220690 /* Main.storyboard */,
				C5DCB79E25D87D7A00220690 /* Assets.xcassets */,
				C5DCB7A025D87D7A00220690 /* LaunchScreen.storyboard */,
				C5DCB7A325D87D7A00220690 /* Info.plist */,
			);
			path = GBShopRSN;
			sourceTree = "<group>";
		};
		C5DCB7AB25D87D7B00220690 /* GBShopRSNTests */ = {
			isa = PBXGroup;
			children = (
				C5DCB7AC25D87D7B00220690 /* GBShopRSNTests.swift */,
				C5DCB7AE25D87D7B00220690 /* Info.plist */,
			);
			path = GBShopRSNTests;
			sourceTree = "<group>";
		};
		C5DCB7B625D87D7B00220690 /* GBShopRSNUITests */ = {
			isa = PBXGroup;
			children = (
				C5DCB7B725D87D7B00220690 /* GBShopRSNUITests.swift */,
				C5DCB7B925D87D7B00220690 /* Info.plist */,
			);
			path = GBShopRSNUITests;
			sourceTree = "<group>";
		};
/* End PBXGroup section */

/* Begin PBXNativeTarget section */
		C5DCB79125D87D7700220690 /* GBShopRSN */ = {
			isa = PBXNativeTarget;
			buildConfigurationList = C5DCB7BC25D87D7B00220690 /* Build configuration list for PBXNativeTarget "GBShopRSN" */;
			buildPhases = (
				C5DCB78E25D87D7700220690 /* Sources */,
				C5DCB78F25D87D7700220690 /* Frameworks */,
				C5DCB79025D87D7700220690 /* Resources */,
			);
			buildRules = (
			);
			dependencies = (
			);
			name = GBShopRSN;
			productName = GBShopRSN;
			productReference = C5DCB79225D87D7700220690 /* GBShopRSN.app */;
			productType = "com.apple.product-type.application";
		};
		C5DCB7A725D87D7B00220690 /* GBShopRSNTests */ = {
			isa = PBXNativeTarget;
			buildConfigurationList = C5DCB7BF25D87D7B00220690 /* Build configuration list for PBXNativeTarget "GBShopRSNTests" */;
			buildPhases = (
				C5DCB7A425D87D7B00220690 /* Sources */,
				C5DCB7A525D87D7B00220690 /* Frameworks */,
				C5DCB7A625D87D7B00220690 /* Resources */,
			);
			buildRules = (
			);
			dependencies = (
				C5DCB7AA25D87D7B00220690 /* PBXTargetDependency */,
			);
			name = GBShopRSNTests;
			productName = GBShopRSNTests;
			productReference = C5DCB7A825D87D7B00220690 /* GBShopRSNTests.xctest */;
			productType = "com.apple.product-type.bundle.unit-test";
		};
		C5DCB7B225D87D7B00220690 /* GBShopRSNUITests */ = {
			isa = PBXNativeTarget;
			buildConfigurationList = C5DCB7C225D87D7B00220690 /* Build configuration list for PBXNativeTarget "GBShopRSNUITests" */;
			buildPhases = (
				C5DCB7AF25D87D7B00220690 /* Sources */,
				C5DCB7B025D87D7B00220690 /* Frameworks */,
				C5DCB7B125D87D7B00220690 /* Resources */,
			);
			buildRules = (
			);
			dependencies = (
				C5DCB7B525D87D7B00220690 /* PBXTargetDependency */,
			);
			name = GBShopRSNUITests;
			productName = GBShopRSNUITests;
			productReference = C5DCB7B325D87D7B00220690 /* GBShopRSNUITests.xctest */;
			productType = "com.apple.product-type.bundle.ui-testing";
		};
/* End PBXNativeTarget section */

/* Begin PBXProject section */
		C5DCB78A25D87D7600220690 /* Project object */ = {
			isa = PBXProject;
			attributes = {
				LastSwiftUpdateCheck = 1240;
				LastUpgradeCheck = 1240;
				TargetAttributes = {
					C5DCB79125D87D7700220690 = {
						CreatedOnToolsVersion = 12.4;
					};
					C5DCB7A725D87D7B00220690 = {
						CreatedOnToolsVersion = 12.4;
						TestTargetID = C5DCB79125D87D7700220690;
					};
					C5DCB7B225D87D7B00220690 = {
						CreatedOnToolsVersion = 12.4;
						TestTargetID = C5DCB79125D87D7700220690;
					};
				};
			};
			buildConfigurationList = C5DCB78D25D87D7600220690 /* Build configuration list for PBXProject "GBShopRSN" */;
			compatibilityVersion = "Xcode 9.3";
			developmentRegion = en;
			hasScannedForEncodings = 0;
			knownRegions = (
				en,
				Base,
			);
			mainGroup = C5DCB78925D87D7600220690;
			productRefGroup = C5DCB79325D87D7700220690 /* Products */;
			projectDirPath = "";
			projectRoot = "";
			targets = (
				C5DCB79125D87D7700220690 /* GBShopRSN */,
				C5DCB7A725D87D7B00220690 /* GBShopRSNTests */,
				C5DCB7B225D87D7B00220690 /* GBShopRSNUITests */,
			);
		};
/* End PBXProject section */

/* Begin PBXResourcesBuildPhase section */
		C5DCB79025D87D7700220690 /* Resources */ = {
			isa = PBXResourcesBuildPhase;
			buildActionMask = 2147483647;
			files = (
				C5DCB7A225D87D7A00220690 /* LaunchScreen.storyboard in Resources */,
				C5DCB79F25D87D7A00220690 /* Assets.xcassets in Resources */,
				C5DCB79D25D87D7700220690 /* Main.storyboard in Resources */,
			);
			runOnlyForDeploymentPostprocessing = 0;
		};
		C5DCB7A625D87D7B00220690 /* Resources */ = {
			isa = PBXResourcesBuildPhase;
			buildActionMask = 2147483647;
			files = (
			);
			runOnlyForDeploymentPostprocessing = 0;
		};
		C5DCB7B125D87D7B00220690 /* Resources */ = {
			isa = PBXResourcesBuildPhase;
			buildActionMask = 2147483647;
			files = (
			);
			runOnlyForDeploymentPostprocessing = 0;
		};
/* End PBXResourcesBuildPhase section */

/* Begin PBXSourcesBuildPhase section */
		C5DCB78E25D87D7700220690 /* Sources */ = {
			isa = PBXSourcesBuildPhase;
			buildActionMask = 2147483647;
			files = (
				C5DCB79A25D87D7700220690 /* ViewController.swift in Sources */,
				C5DCB79625D87D7700220690 /* AppDelegate.swift in Sources */,
				C5DCB79825D87D7700220690 /* SceneDelegate.swift in Sources */,
			);
			runOnlyForDeploymentPostprocessing = 0;
		};
		C5DCB7A425D87D7B00220690 /* Sources */ = {
			isa = PBXSourcesBuildPhase;
			buildActionMask = 2147483647;
			files = (
				C5DCB7AD25D87D7B00220690 /* GBShopRSNTests.swift in Sources */,
			);
			runOnlyForDeploymentPostprocessing = 0;
		};
		C5DCB7AF25D87D7B00220690 /* Sources */ = {
			isa = PBXSourcesBuildPhase;
			buildActionMask = 2147483647;
			files = (
				C5DCB7B825D87D7B00220690 /* GBShopRSNUITests.swift in Sources */,
			);
			runOnlyForDeploymentPostprocessing = 0;
		};
/* End PBXSourcesBuildPhase section */

/* Begin PBXTargetDependency section */
		C5DCB7AA25D87D7B00220690 /* PBXTargetDependency */ = {
			isa = PBXTargetDependency;
			target = C5DCB79125D87D7700220690 /* GBShopRSN */;
			targetProxy = C5DCB7A925D87D7B00220690 /* PBXContainerItemProxy */;
		};
		C5DCB7B525D87D7B00220690 /* PBXTargetDependency */ = {
			isa = PBXTargetDependency;
			target = C5DCB79125D87D7700220690 /* GBShopRSN */;
			targetProxy = C5DCB7B425D87D7B00220690 /* PBXContainerItemProxy */;
		};
/* End PBXTargetDependency section */

/* Begin PBXVariantGroup section */
		C5DCB79B25D87D7700220690 /* Main.storyboard */ = {
			isa = PBXVariantGroup;
			children = (
				C5DCB79C25D87D7700220690 /* Base */,
			);
			name = Main.storyboard;
			sourceTree = "<group>";
		};
		C5DCB7A025D87D7A00220690 /* LaunchScreen.storyboard */ = {
			isa = PBXVariantGroup;
			children = (
				C5DCB7A125D87D7A00220690 /* Base */,
			);
			name = LaunchScreen.storyboard;
			sourceTree = "<group>";
		};
/* End PBXVariantGroup section */

/* Begin XCBuildConfiguration section */
		C5DCB7BA25D87D7B00220690 /* Debug */ = {
			isa = XCBuildConfiguration;
			buildSettings = {
				ALWAYS_SEARCH_USER_PATHS = NO;
				CLANG_ANALYZER_NONNULL = YES;
				CLANG_ANALYZER_NUMBER_OBJECT_CONVERSION = YES_AGGRESSIVE;
				CLANG_CXX_LANGUAGE_STANDARD = "gnu++14";
				CLANG_CXX_LIBRARY = "libc++";
				CLANG_ENABLE_MODULES = YES;
				CLANG_ENABLE_OBJC_ARC = YES;
				CLANG_ENABLE_OBJC_WEAK = YES;
				CLANG_WARN_BLOCK_CAPTURE_AUTORELEASING = YES;
				CLANG_WARN_BOOL_CONVERSION = YES;
				CLANG_WARN_COMMA = YES;
				CLANG_WARN_CONSTANT_CONVERSION = YES;
				CLANG_WARN_DEPRECATED_OBJC_IMPLEMENTATIONS = YES;
				CLANG_WARN_DIRECT_OBJC_ISA_USAGE = YES_ERROR;
				CLANG_WARN_DOCUMENTATION_COMMENTS = YES;
				CLANG_WARN_EMPTY_BODY = YES;
				CLANG_WARN_ENUM_CONVERSION = YES;
				CLANG_WARN_INFINITE_RECURSION = YES;
				CLANG_WARN_INT_CONVERSION = YES;
				CLANG_WARN_NON_LITERAL_NULL_CONVERSION = YES;
				CLANG_WARN_OBJC_IMPLICIT_RETAIN_SELF = YES;
				CLANG_WARN_OBJC_LITERAL_CONVERSION = YES;
				CLANG_WARN_OBJC_ROOT_CLASS = YES_ERROR;
				CLANG_WARN_QUOTED_INCLUDE_IN_FRAMEWORK_HEADER = YES;
				CLANG_WARN_RANGE_LOOP_ANALYSIS = YES;
				CLANG_WARN_STRICT_PROTOTYPES = YES;
				CLANG_WARN_SUSPICIOUS_MOVE = YES;
				CLANG_WARN_UNGUARDED_AVAILABILITY = YES_AGGRESSIVE;
				CLANG_WARN_UNREACHABLE_CODE = YES;
				CLANG_WARN__DUPLICATE_METHOD_MATCH = YES;
				COPY_PHASE_STRIP = NO;
				DEBUG_INFORMATION_FORMAT = dwarf;
				ENABLE_STRICT_OBJC_MSGSEND = YES;
				ENABLE_TESTABILITY = YES;
				GCC_C_LANGUAGE_STANDARD = gnu11;
				GCC_DYNAMIC_NO_PIC = NO;
				GCC_NO_COMMON_BLOCKS = YES;
				GCC_OPTIMIZATION_LEVEL = 0;
				GCC_PREPROCESSOR_DEFINITIONS = (
					"DEBUG=1",
					"$(inherited)",
				);
				GCC_WARN_64_TO_32_BIT_CONVERSION = YES;
				GCC_WARN_ABOUT_RETURN_TYPE = YES_ERROR;
				GCC_WARN_UNDECLARED_SELECTOR = YES;
				GCC_WARN_UNINITIALIZED_AUTOS = YES_AGGRESSIVE;
				GCC_WARN_UNUSED_FUNCTION = YES;
				GCC_WARN_UNUSED_VARIABLE = YES;
				IPHONEOS_DEPLOYMENT_TARGET = 14.4;
				MTL_ENABLE_DEBUG_INFO = INCLUDE_SOURCE;
				MTL_FAST_MATH = YES;
				ONLY_ACTIVE_ARCH = YES;
				SDKROOT = iphoneos;
				SWIFT_ACTIVE_COMPILATION_CONDITIONS = DEBUG;
				SWIFT_OPTIMIZATION_LEVEL = "-Onone";
			};
			name = Debug;
		};
		C5DCB7BB25D87D7B00220690 /* Release */ = {
			isa = XCBuildConfiguration;
			buildSettings = {
				ALWAYS_SEARCH_USER_PATHS = NO;
				CLANG_ANALYZER_NONNULL = YES;
				CLANG_ANALYZER_NUMBER_OBJECT_CONVERSION = YES_AGGRESSIVE;
				CLANG_CXX_LANGUAGE_STANDARD = "gnu++14";
				CLANG_CXX_LIBRARY = "libc++";
				CLANG_ENABLE_MODULES = YES;
				CLANG_ENABLE_OBJC_ARC = YES;
				CLANG_ENABLE_OBJC_WEAK = YES;
				CLANG_WARN_BLOCK_CAPTURE_AUTORELEASING = YES;
				CLANG_WARN_BOOL_CONVERSION = YES;
				CLANG_WARN_COMMA = YES;
				CLANG_WARN_CONSTANT_CONVERSION = YES;
				CLANG_WARN_DEPRECATED_OBJC_IMPLEMENTATIONS = YES;
				CLANG_WARN_DIRECT_OBJC_ISA_USAGE = YES_ERROR;
				CLANG_WARN_DOCUMENTATION_COMMENTS = YES;
				CLANG_WARN_EMPTY_BODY = YES;
				CLANG_WARN_ENUM_CONVERSION = YES;
				CLANG_WARN_INFINITE_RECURSION = YES;
				CLANG_WARN_INT_CONVERSION = YES;
				CLANG_WARN_NON_LITERAL_NULL_CONVERSION = YES;
				CLANG_WARN_OBJC_IMPLICIT_RETAIN_SELF = YES;
				CLANG_WARN_OBJC_LITERAL_CONVERSION = YES;
				CLANG_WARN_OBJC_ROOT_CLASS = YES_ERROR;
				CLANG_WARN_QUOTED_INCLUDE_IN_FRAMEWORK_HEADER = YES;
				CLANG_WARN_RANGE_LOOP_ANALYSIS = YES;
				CLANG_WARN_STRICT_PROTOTYPES = YES;
				CLANG_WARN_SUSPICIOUS_MOVE = YES;
				CLANG_WARN_UNGUARDED_AVAILABILITY = YES_AGGRESSIVE;
				CLANG_WARN_UNREACHABLE_CODE = YES;
				CLANG_WARN__DUPLICATE_METHOD_MATCH = YES;
				COPY_PHASE_STRIP = NO;
				DEBUG_INFORMATION_FORMAT = "dwarf-with-dsym";
				ENABLE_NS_ASSERTIONS = NO;
				ENABLE_STRICT_OBJC_MSGSEND = YES;
				GCC_C_LANGUAGE_STANDARD = gnu11;
				GCC_NO_COMMON_BLOCKS = YES;
				GCC_WARN_64_TO_32_BIT_CONVERSION = YES;
				GCC_WARN_ABOUT_RETURN_TYPE = YES_ERROR;
				GCC_WARN_UNDECLARED_SELECTOR = YES;
				GCC_WARN_UNINITIALIZED_AUTOS = YES_AGGRESSIVE;
				GCC_WARN_UNUSED_FUNCTION = YES;
				GCC_WARN_UNUSED_VARIABLE = YES;
				IPHONEOS_DEPLOYMENT_TARGET = 14.4;
				MTL_ENABLE_DEBUG_INFO = NO;
				MTL_FAST_MATH = YES;
				SDKROOT = iphoneos;
				SWIFT_COMPILATION_MODE = wholemodule;
				SWIFT_OPTIMIZATION_LEVEL = "-O";
				VALIDATE_PRODUCT = YES;
			};
			name = Release;
		};
		C5DCB7BD25D87D7B00220690 /* Debug */ = {
			isa = XCBuildConfiguration;
			buildSettings = {
				ASSETCATALOG_COMPILER_APPICON_NAME = AppIcon;
				ASSETCATALOG_COMPILER_GLOBAL_ACCENT_COLOR_NAME = AccentColor;
				CODE_SIGN_STYLE = Automatic;
				INFOPLIST_FILE = GBShopRSN/Info.plist;
				LD_RUNPATH_SEARCH_PATHS = (
					"$(inherited)",
					"@executable_path/Frameworks",
				);
				PRODUCT_BUNDLE_IDENTIFIER = com.sergey.razgulyaev.GBShopRSN;
				PRODUCT_NAME = "$(TARGET_NAME)";
				SWIFT_VERSION = 5.0;
				TARGETED_DEVICE_FAMILY = "1,2";
			};
			name = Debug;
		};
		C5DCB7BE25D87D7B00220690 /* Release */ = {
			isa = XCBuildConfiguration;
			buildSettings = {
				ASSETCATALOG_COMPILER_APPICON_NAME = AppIcon;
				ASSETCATALOG_COMPILER_GLOBAL_ACCENT_COLOR_NAME = AccentColor;
				CODE_SIGN_STYLE = Automatic;
				INFOPLIST_FILE = GBShopRSN/Info.plist;
				LD_RUNPATH_SEARCH_PATHS = (
					"$(inherited)",
					"@executable_path/Frameworks",
				);
				PRODUCT_BUNDLE_IDENTIFIER = com.sergey.razgulyaev.GBShopRSN;
				PRODUCT_NAME = "$(TARGET_NAME)";
				SWIFT_VERSION = 5.0;
				TARGETED_DEVICE_FAMILY = "1,2";
			};
			name = Release;
		};
		C5DCB7C025D87D7B00220690 /* Debug */ = {
			isa = XCBuildConfiguration;
			buildSettings = {
				ALWAYS_EMBED_SWIFT_STANDARD_LIBRARIES = YES;
				BUNDLE_LOADER = "$(TEST_HOST)";
				CODE_SIGN_STYLE = Automatic;
				INFOPLIST_FILE = GBShopRSNTests/Info.plist;
				IPHONEOS_DEPLOYMENT_TARGET = 14.4;
				LD_RUNPATH_SEARCH_PATHS = (
					"$(inherited)",
					"@executable_path/Frameworks",
					"@loader_path/Frameworks",
				);
				PRODUCT_BUNDLE_IDENTIFIER = com.sergey.razgulyaev.GBShopRSNTests;
				PRODUCT_NAME = "$(TARGET_NAME)";
				SWIFT_VERSION = 5.0;
				TARGETED_DEVICE_FAMILY = "1,2";
				TEST_HOST = "$(BUILT_PRODUCTS_DIR)/GBShopRSN.app/GBShopRSN";
			};
			name = Debug;
		};
		C5DCB7C125D87D7B00220690 /* Release */ = {
			isa = XCBuildConfiguration;
			buildSettings = {
				ALWAYS_EMBED_SWIFT_STANDARD_LIBRARIES = YES;
				BUNDLE_LOADER = "$(TEST_HOST)";
				CODE_SIGN_STYLE = Automatic;
				INFOPLIST_FILE = GBShopRSNTests/Info.plist;
				IPHONEOS_DEPLOYMENT_TARGET = 14.4;
				LD_RUNPATH_SEARCH_PATHS = (
					"$(inherited)",
					"@executable_path/Frameworks",
					"@loader_path/Frameworks",
				);
				PRODUCT_BUNDLE_IDENTIFIER = com.sergey.razgulyaev.GBShopRSNTests;
				PRODUCT_NAME = "$(TARGET_NAME)";
				SWIFT_VERSION = 5.0;
				TARGETED_DEVICE_FAMILY = "1,2";
				TEST_HOST = "$(BUILT_PRODUCTS_DIR)/GBShopRSN.app/GBShopRSN";
			};
			name = Release;
		};
		C5DCB7C325D87D7B00220690 /* Debug */ = {
			isa = XCBuildConfiguration;
			buildSettings = {
				ALWAYS_EMBED_SWIFT_STANDARD_LIBRARIES = YES;
				CODE_SIGN_STYLE = Automatic;
				INFOPLIST_FILE = GBShopRSNUITests/Info.plist;
				LD_RUNPATH_SEARCH_PATHS = (
					"$(inherited)",
					"@executable_path/Frameworks",
					"@loader_path/Frameworks",
				);
				PRODUCT_BUNDLE_IDENTIFIER = com.sergey.razgulyaev.GBShopRSNUITests;
				PRODUCT_NAME = "$(TARGET_NAME)";
				SWIFT_VERSION = 5.0;
				TARGETED_DEVICE_FAMILY = "1,2";
				TEST_TARGET_NAME = GBShopRSN;
			};
			name = Debug;
		};
		C5DCB7C425D87D7B00220690 /* Release */ = {
			isa = XCBuildConfiguration;
			buildSettings = {
				ALWAYS_EMBED_SWIFT_STANDARD_LIBRARIES = YES;
				CODE_SIGN_STYLE = Automatic;
				INFOPLIST_FILE = GBShopRSNUITests/Info.plist;
				LD_RUNPATH_SEARCH_PATHS = (
					"$(inherited)",
					"@executable_path/Frameworks",
					"@loader_path/Frameworks",
				);
				PRODUCT_BUNDLE_IDENTIFIER = com.sergey.razgulyaev.GBShopRSNUITests;
				PRODUCT_NAME = "$(TARGET_NAME)";
				SWIFT_VERSION = 5.0;
				TARGETED_DEVICE_FAMILY = "1,2";
				TEST_TARGET_NAME = GBShopRSN;
			};
			name = Release;
		};
/* End XCBuildConfiguration section */

/* Begin XCConfigurationList section */
		C5DCB78D25D87D7600220690 /* Build configuration list for PBXProject "GBShopRSN" */ = {
			isa = XCConfigurationList;
			buildConfigurations = (
				C5DCB7BA25D87D7B00220690 /* Debug */,
				C5DCB7BB25D87D7B00220690 /* Release */,
			);
			defaultConfigurationIsVisible = 0;
			defaultConfigurationName = Release;
		};
		C5DCB7BC25D87D7B00220690 /* Build configuration list for PBXNativeTarget "GBShopRSN" */ = {
			isa = XCConfigurationList;
			buildConfigurations = (
				C5DCB7BD25D87D7B00220690 /* Debug */,
				C5DCB7BE25D87D7B00220690 /* Release */,
			);
			defaultConfigurationIsVisible = 0;
			defaultConfigurationName = Release;
		};
		C5DCB7BF25D87D7B00220690 /* Build configuration list for PBXNativeTarget "GBShopRSNTests" */ = {
			isa = XCConfigurationList;
			buildConfigurations = (
				C5DCB7C025D87D7B00220690 /* Debug */,
				C5DCB7C125D87D7B00220690 /* Release */,
			);
			defaultConfigurationIsVisible = 0;
			defaultConfigurationName = Release;
		};
		C5DCB7C225D87D7B00220690 /* Build configuration list for PBXNativeTarget "GBShopRSNUITests" */ = {
			isa = XCConfigurationList;
			buildConfigurations = (
				C5DCB7C325D87D7B00220690 /* Debug */,
				C5DCB7C425D87D7B00220690 /* Release */,
			);
			defaultConfigurationIsVisible = 0;
			defaultConfigurationName = Release;
		};
/* End XCConfigurationList section */
	};
	rootObject = C5DCB78A25D87D7600220690 /* Project object */;
}
