// !$*UTF8*$!
{
	archiveVersion = 1;
	classes = {
	};
	objectVersion = 51;
	objects = {

/* Begin PBXBuildFile section */
		17FD61BC8B202CA4B97B32EE /* Pods_GBShopRSN_GBShopRSNUITests.framework in Frameworks */ = {isa = PBXBuildFile; fileRef = 848D2CEEF87BA07210476F6C /* Pods_GBShopRSN_GBShopRSNUITests.framework */; };
		9DF810313FBE23E4E19EDDE6 /* Pods_GBShopRSN.framework in Frameworks */ = {isa = PBXBuildFile; fileRef = 6E5AF745453E81D438CEF51C /* Pods_GBShopRSN.framework */; };
		C52B22CA25E12BA600A009CA /* RequestFactoryTests.swift in Sources */ = {isa = PBXBuildFile; fileRef = C52B22C925E12BA600A009CA /* RequestFactoryTests.swift */; };
		C52B22D225E130D100A009CA /* AuthTests.swift in Sources */ = {isa = PBXBuildFile; fileRef = C52B22D125E130D100A009CA /* AuthTests.swift */; };
		C52B22DA25E1464F00A009CA /* ExitTests.swift in Sources */ = {isa = PBXBuildFile; fileRef = C52B22D925E1464F00A009CA /* ExitTests.swift */; };
		C58A506725DD714300D572F1 /* AuthRequestFactory.swift in Sources */ = {isa = PBXBuildFile; fileRef = C58A506625DD714300D572F1 /* AuthRequestFactory.swift */; };
		C58A506C25DD71A100D572F1 /* Auth.swift in Sources */ = {isa = PBXBuildFile; fileRef = C58A506B25DD71A100D572F1 /* Auth.swift */; };
		C58A507125DD733500D572F1 /* RequestFactory.swift in Sources */ = {isa = PBXBuildFile; fileRef = C58A507025DD733500D572F1 /* RequestFactory.swift */; };
		C58A507625DD7FB400D572F1 /* LogoutResult.swift in Sources */ = {isa = PBXBuildFile; fileRef = C58A507525DD7FB400D572F1 /* LogoutResult.swift */; };
		C58A507B25DD800F00D572F1 /* PersonalDataChangeResult.swift in Sources */ = {isa = PBXBuildFile; fileRef = C58A507A25DD800F00D572F1 /* PersonalDataChangeResult.swift */; };
		C58A508025DD806800D572F1 /* RegistrationResult.swift in Sources */ = {isa = PBXBuildFile; fileRef = C58A507F25DD806800D572F1 /* RegistrationResult.swift */; };
		C58A508D25DD861100D572F1 /* RegistrationRequestFactory.swift in Sources */ = {isa = PBXBuildFile; fileRef = C58A508C25DD861100D572F1 /* RegistrationRequestFactory.swift */; };
		C58A509225DD869700D572F1 /* ChangeUserDataRequestFactory.swift in Sources */ = {isa = PBXBuildFile; fileRef = C58A509125DD869700D572F1 /* ChangeUserDataRequestFactory.swift */; };
		C58A509725DDBCD400D572F1 /* ExitUserRequestFactory.swift in Sources */ = {isa = PBXBuildFile; fileRef = C58A509625DDBCD400D572F1 /* ExitUserRequestFactory.swift */; };
		C58A509F25DDBFC800D572F1 /* Registration.swift in Sources */ = {isa = PBXBuildFile; fileRef = C58A509E25DDBFC800D572F1 /* Registration.swift */; };
		C58A50A425DDC4B300D572F1 /* ChangeUserData.swift in Sources */ = {isa = PBXBuildFile; fileRef = C58A50A325DDC4B300D572F1 /* ChangeUserData.swift */; };
		C58A50B225DDCD2800D572F1 /* ExitUser.swift in Sources */ = {isa = PBXBuildFile; fileRef = C58A50B125DDCD2800D572F1 /* ExitUser.swift */; };
		C5A460CD25DD6A9E0089E71C /* AbstractRequestFactory.swift in Sources */ = {isa = PBXBuildFile; fileRef = C5A460C925DD6A9D0089E71C /* AbstractRequestFactory.swift */; };
		C5A460CE25DD6A9E0089E71C /* ResponseCodable.swift in Sources */ = {isa = PBXBuildFile; fileRef = C5A460CA25DD6A9E0089E71C /* ResponseCodable.swift */; };
		C5A460CF25DD6A9E0089E71C /* ErrorParser.swift in Sources */ = {isa = PBXBuildFile; fileRef = C5A460CB25DD6A9E0089E71C /* ErrorParser.swift */; };
		C5A460D025DD6A9E0089E71C /* AbstractErrorParser.swift in Sources */ = {isa = PBXBuildFile; fileRef = C5A460CC25DD6A9E0089E71C /* AbstractErrorParser.swift */; };
		C5A460E225DD6E630089E71C /* RequestRouter.swift in Sources */ = {isa = PBXBuildFile; fileRef = C5A460E125DD6E630089E71C /* RequestRouter.swift */; };
		C5A460E725DD6FD40089E71C /* LoginResult.swift in Sources */ = {isa = PBXBuildFile; fileRef = C5A460E625DD6FD40089E71C /* LoginResult.swift */; };
		C5A460EC25DD6FE40089E71C /* User.swift in Sources */ = {isa = PBXBuildFile; fileRef = C5A460EB25DD6FE40089E71C /* User.swift */; };
		C5DCB79625D87D7700220690 /* AppDelegate.swift in Sources */ = {isa = PBXBuildFile; fileRef = C5DCB79525D87D7700220690 /* AppDelegate.swift */; };
		C5DCB79825D87D7700220690 /* SceneDelegate.swift in Sources */ = {isa = PBXBuildFile; fileRef = C5DCB79725D87D7700220690 /* SceneDelegate.swift */; };
		C5DCB79F25D87D7A00220690 /* Assets.xcassets in Resources */ = {isa = PBXBuildFile; fileRef = C5DCB79E25D87D7A00220690 /* Assets.xcassets */; };
		C5DCB7A225D87D7A00220690 /* LaunchScreen.storyboard in Resources */ = {isa = PBXBuildFile; fileRef = C5DCB7A025D87D7A00220690 /* LaunchScreen.storyboard */; };
		C5DCB7B825D87D7B00220690 /* GBShopRSNUITests.swift in Sources */ = {isa = PBXBuildFile; fileRef = C5DCB7B725D87D7B00220690 /* GBShopRSNUITests.swift */; };
		C5DE21BE25E15067002B5E7F /* SignUpTests.swift in Sources */ = {isa = PBXBuildFile; fileRef = C5DE21BD25E15067002B5E7F /* SignUpTests.swift */; };
		C5DE21C325E1535D002B5E7F /* ChangeUserDataTests.swift in Sources */ = {isa = PBXBuildFile; fileRef = C5DE21C225E1535D002B5E7F /* ChangeUserDataTests.swift */; };
		F6E04D053133295E6FE00FEA /* Pods_GBShopRSNTests.framework in Frameworks */ = {isa = PBXBuildFile; fileRef = 7CC3F0D613017FC6EF70A7EA /* Pods_GBShopRSNTests.framework */; };
/* End PBXBuildFile section */

/* Begin PBXContainerItemProxy section */
		C5DCB7A925D87D7B00220690 /* PBXContainerItemProxy */ = {
			isa = PBXContainerItemProxy;
			containerPortal = C5DCB78A25D87D7600220690 /* Project object */;
			proxyType = 1;
			remoteGlobalIDString = C5DCB79125D87D7700220690;
			remoteInfo = GBShopRSN;
		};
		C5DCB7B425D87D7B00220690 /* PBXContainerItemProxy */ = {
			isa = PBXContainerItemProxy;
			containerPortal = C5DCB78A25D87D7600220690 /* Project object */;
			proxyType = 1;
			remoteGlobalIDString = C5DCB79125D87D7700220690;
			remoteInfo = GBShopRSN;
		};
/* End PBXContainerItemProxy section */

/* Begin PBXFileReference section */
		1C9738E6E384160B1C321691 /* Pods-GBShopRSN.debug.xcconfig */ = {isa = PBXFileReference; includeInIndex = 1; lastKnownFileType = text.xcconfig; name = "Pods-GBShopRSN.debug.xcconfig"; path = "Target Support Files/Pods-GBShopRSN/Pods-GBShopRSN.debug.xcconfig"; sourceTree = "<group>"; };
		26514C1B1C79BAB5ACB20BF0 /* Pods-GBShopRSNTests.debug.xcconfig */ = {isa = PBXFileReference; includeInIndex = 1; lastKnownFileType = text.xcconfig; name = "Pods-GBShopRSNTests.debug.xcconfig"; path = "Target Support Files/Pods-GBShopRSNTests/Pods-GBShopRSNTests.debug.xcconfig"; sourceTree = "<group>"; };
		6200074DEF936162C65454C6 /* Pods-GBShopRSN.release.xcconfig */ = {isa = PBXFileReference; includeInIndex = 1; lastKnownFileType = text.xcconfig; name = "Pods-GBShopRSN.release.xcconfig"; path = "Target Support Files/Pods-GBShopRSN/Pods-GBShopRSN.release.xcconfig"; sourceTree = "<group>"; };
		6E5AF745453E81D438CEF51C /* Pods_GBShopRSN.framework */ = {isa = PBXFileReference; explicitFileType = wrapper.framework; includeInIndex = 0; path = Pods_GBShopRSN.framework; sourceTree = BUILT_PRODUCTS_DIR; };
		7CC3F0D613017FC6EF70A7EA /* Pods_GBShopRSNTests.framework */ = {isa = PBXFileReference; explicitFileType = wrapper.framework; includeInIndex = 0; path = Pods_GBShopRSNTests.framework; sourceTree = BUILT_PRODUCTS_DIR; };
		848D2CEEF87BA07210476F6C /* Pods_GBShopRSN_GBShopRSNUITests.framework */ = {isa = PBXFileReference; explicitFileType = wrapper.framework; includeInIndex = 0; path = Pods_GBShopRSN_GBShopRSNUITests.framework; sourceTree = BUILT_PRODUCTS_DIR; };
		864F2F787F4168CAB4F740C1 /* Pods-GBShopRSN-GBShopRSNUITests.release.xcconfig */ = {isa = PBXFileReference; includeInIndex = 1; lastKnownFileType = text.xcconfig; name = "Pods-GBShopRSN-GBShopRSNUITests.release.xcconfig"; path = "Target Support Files/Pods-GBShopRSN-GBShopRSNUITests/Pods-GBShopRSN-GBShopRSNUITests.release.xcconfig"; sourceTree = "<group>"; };
		C52B22C925E12BA600A009CA /* RequestFactoryTests.swift */ = {isa = PBXFileReference; lastKnownFileType = sourcecode.swift; path = RequestFactoryTests.swift; sourceTree = "<group>"; };
		C52B22D125E130D100A009CA /* AuthTests.swift */ = {isa = PBXFileReference; lastKnownFileType = sourcecode.swift; path = AuthTests.swift; sourceTree = "<group>"; };
		C52B22D925E1464F00A009CA /* ExitTests.swift */ = {isa = PBXFileReference; lastKnownFileType = sourcecode.swift; path = ExitTests.swift; sourceTree = "<group>"; };
		C539ECB7B02C488EA8BC03CE /* Pods-GBShopRSNTests.release.xcconfig */ = {isa = PBXFileReference; includeInIndex = 1; lastKnownFileType = text.xcconfig; name = "Pods-GBShopRSNTests.release.xcconfig"; path = "Target Support Files/Pods-GBShopRSNTests/Pods-GBShopRSNTests.release.xcconfig"; sourceTree = "<group>"; };
		C58A506625DD714300D572F1 /* AuthRequestFactory.swift */ = {isa = PBXFileReference; lastKnownFileType = sourcecode.swift; path = AuthRequestFactory.swift; sourceTree = "<group>"; };
		C58A506B25DD71A100D572F1 /* Auth.swift */ = {isa = PBXFileReference; lastKnownFileType = sourcecode.swift; path = Auth.swift; sourceTree = "<group>"; };
		C58A507025DD733500D572F1 /* RequestFactory.swift */ = {isa = PBXFileReference; lastKnownFileType = sourcecode.swift; path = RequestFactory.swift; sourceTree = "<group>"; };
		C58A507525DD7FB400D572F1 /* LogoutResult.swift */ = {isa = PBXFileReference; lastKnownFileType = sourcecode.swift; path = LogoutResult.swift; sourceTree = "<group>"; };
		C58A507A25DD800F00D572F1 /* PersonalDataChangeResult.swift */ = {isa = PBXFileReference; lastKnownFileType = sourcecode.swift; path = PersonalDataChangeResult.swift; sourceTree = "<group>"; };
		C58A507F25DD806800D572F1 /* RegistrationResult.swift */ = {isa = PBXFileReference; lastKnownFileType = sourcecode.swift; path = RegistrationResult.swift; sourceTree = "<group>"; };
		C58A508C25DD861100D572F1 /* RegistrationRequestFactory.swift */ = {isa = PBXFileReference; lastKnownFileType = sourcecode.swift; path = RegistrationRequestFactory.swift; sourceTree = "<group>"; };
		C58A509125DD869700D572F1 /* ChangeUserDataRequestFactory.swift */ = {isa = PBXFileReference; lastKnownFileType = sourcecode.swift; path = ChangeUserDataRequestFactory.swift; sourceTree = "<group>"; };
		C58A509625DDBCD400D572F1 /* ExitUserRequestFactory.swift */ = {isa = PBXFileReference; lastKnownFileType = sourcecode.swift; path = ExitUserRequestFactory.swift; sourceTree = "<group>"; };
		C58A509E25DDBFC800D572F1 /* Registration.swift */ = {isa = PBXFileReference; lastKnownFileType = sourcecode.swift; path = Registration.swift; sourceTree = "<group>"; };
		C58A50A325DDC4B300D572F1 /* ChangeUserData.swift */ = {isa = PBXFileReference; lastKnownFileType = sourcecode.swift; path = ChangeUserData.swift; sourceTree = "<group>"; };
		C58A50B125DDCD2800D572F1 /* ExitUser.swift */ = {isa = PBXFileReference; lastKnownFileType = sourcecode.swift; path = ExitUser.swift; sourceTree = "<group>"; };
		C5A460C925DD6A9D0089E71C /* AbstractRequestFactory.swift */ = {isa = PBXFileReference; fileEncoding = 4; lastKnownFileType = sourcecode.swift; path = AbstractRequestFactory.swift; sourceTree = "<group>"; };
		C5A460CA25DD6A9E0089E71C /* ResponseCodable.swift */ = {isa = PBXFileReference; fileEncoding = 4; lastKnownFileType = sourcecode.swift; path = ResponseCodable.swift; sourceTree = "<group>"; };
		C5A460CB25DD6A9E0089E71C /* ErrorParser.swift */ = {isa = PBXFileReference; fileEncoding = 4; lastKnownFileType = sourcecode.swift; path = ErrorParser.swift; sourceTree = "<group>"; };
		C5A460CC25DD6A9E0089E71C /* AbstractErrorParser.swift */ = {isa = PBXFileReference; fileEncoding = 4; lastKnownFileType = sourcecode.swift; path = AbstractErrorParser.swift; sourceTree = "<group>"; };
		C5A460E125DD6E630089E71C /* RequestRouter.swift */ = {isa = PBXFileReference; lastKnownFileType = sourcecode.swift; path = RequestRouter.swift; sourceTree = "<group>"; };
		C5A460E625DD6FD40089E71C /* LoginResult.swift */ = {isa = PBXFileReference; lastKnownFileType = sourcecode.swift; path = LoginResult.swift; sourceTree = "<group>"; };
		C5A460EB25DD6FE40089E71C /* User.swift */ = {isa = PBXFileReference; lastKnownFileType = sourcecode.swift; path = User.swift; sourceTree = "<group>"; };
		C5DCB79225D87D7700220690 /* GBShopRSN.app */ = {isa = PBXFileReference; explicitFileType = wrapper.application; includeInIndex = 0; path = GBShopRSN.app; sourceTree = BUILT_PRODUCTS_DIR; };
		C5DCB79525D87D7700220690 /* AppDelegate.swift */ = {isa = PBXFileReference; lastKnownFileType = sourcecode.swift; path = AppDelegate.swift; sourceTree = "<group>"; };
		C5DCB79725D87D7700220690 /* SceneDelegate.swift */ = {isa = PBXFileReference; lastKnownFileType = sourcecode.swift; path = SceneDelegate.swift; sourceTree = "<group>"; };
		C5DCB79E25D87D7A00220690 /* Assets.xcassets */ = {isa = PBXFileReference; lastKnownFileType = folder.assetcatalog; path = Assets.xcassets; sourceTree = "<group>"; };
		C5DCB7A125D87D7A00220690 /* Base */ = {isa = PBXFileReference; lastKnownFileType = file.storyboard; name = Base; path = Base.lproj/LaunchScreen.storyboard; sourceTree = "<group>"; };
		C5DCB7A325D87D7A00220690 /* Info.plist */ = {isa = PBXFileReference; lastKnownFileType = text.plist.xml; path = Info.plist; sourceTree = "<group>"; };
		C5DCB7A825D87D7B00220690 /* GBShopRSNTests.xctest */ = {isa = PBXFileReference; explicitFileType = wrapper.cfbundle; includeInIndex = 0; path = GBShopRSNTests.xctest; sourceTree = BUILT_PRODUCTS_DIR; };
		C5DCB7AE25D87D7B00220690 /* Info.plist */ = {isa = PBXFileReference; lastKnownFileType = text.plist.xml; path = Info.plist; sourceTree = "<group>"; };
		C5DCB7B325D87D7B00220690 /* GBShopRSNUITests.xctest */ = {isa = PBXFileReference; explicitFileType = wrapper.cfbundle; includeInIndex = 0; path = GBShopRSNUITests.xctest; sourceTree = BUILT_PRODUCTS_DIR; };
		C5DCB7B725D87D7B00220690 /* GBShopRSNUITests.swift */ = {isa = PBXFileReference; lastKnownFileType = sourcecode.swift; path = GBShopRSNUITests.swift; sourceTree = "<group>"; };
		C5DCB7B925D87D7B00220690 /* Info.plist */ = {isa = PBXFileReference; lastKnownFileType = text.plist.xml; path = Info.plist; sourceTree = "<group>"; };
		C5DE21BD25E15067002B5E7F /* SignUpTests.swift */ = {isa = PBXFileReference; lastKnownFileType = sourcecode.swift; path = SignUpTests.swift; sourceTree = "<group>"; };
		C5DE21C225E1535D002B5E7F /* ChangeUserDataTests.swift */ = {isa = PBXFileReference; lastKnownFileType = sourcecode.swift; path = ChangeUserDataTests.swift; sourceTree = "<group>"; };
		E126035AB05F93433CA2BF23 /* Pods-GBShopRSN-GBShopRSNUITests.debug.xcconfig */ = {isa = PBXFileReference; includeInIndex = 1; lastKnownFileType = text.xcconfig; name = "Pods-GBShopRSN-GBShopRSNUITests.debug.xcconfig"; path = "Target Support Files/Pods-GBShopRSN-GBShopRSNUITests/Pods-GBShopRSN-GBShopRSNUITests.debug.xcconfig"; sourceTree = "<group>"; };
/* End PBXFileReference section */

/* Begin PBXFrameworksBuildPhase section */
		C5DCB78F25D87D7700220690 /* Frameworks */ = {
			isa = PBXFrameworksBuildPhase;
			buildActionMask = 2147483647;
			files = (
				9DF810313FBE23E4E19EDDE6 /* Pods_GBShopRSN.framework in Frameworks */,
			);
			runOnlyForDeploymentPostprocessing = 0;
		};
		C5DCB7A525D87D7B00220690 /* Frameworks */ = {
			isa = PBXFrameworksBuildPhase;
			buildActionMask = 2147483647;
			files = (
				F6E04D053133295E6FE00FEA /* Pods_GBShopRSNTests.framework in Frameworks */,
			);
			runOnlyForDeploymentPostprocessing = 0;
		};
		C5DCB7B025D87D7B00220690 /* Frameworks */ = {
			isa = PBXFrameworksBuildPhase;
			buildActionMask = 2147483647;
			files = (
				17FD61BC8B202CA4B97B32EE /* Pods_GBShopRSN_GBShopRSNUITests.framework in Frameworks */,
			);
			runOnlyForDeploymentPostprocessing = 0;
		};
/* End PBXFrameworksBuildPhase section */

/* Begin PBXGroup section */
		2CE7DFF68D22AAD2A9501698 /* Pods */ = {
			isa = PBXGroup;
			children = (
				1C9738E6E384160B1C321691 /* Pods-GBShopRSN.debug.xcconfig */,
				6200074DEF936162C65454C6 /* Pods-GBShopRSN.release.xcconfig */,
				E126035AB05F93433CA2BF23 /* Pods-GBShopRSN-GBShopRSNUITests.debug.xcconfig */,
				864F2F787F4168CAB4F740C1 /* Pods-GBShopRSN-GBShopRSNUITests.release.xcconfig */,
				26514C1B1C79BAB5ACB20BF0 /* Pods-GBShopRSNTests.debug.xcconfig */,
				C539ECB7B02C488EA8BC03CE /* Pods-GBShopRSNTests.release.xcconfig */,
			);
			path = Pods;
			sourceTree = "<group>";
		};
		A3FD3902FDAB651397FEA874 /* Frameworks */ = {
			isa = PBXGroup;
			children = (
				6E5AF745453E81D438CEF51C /* Pods_GBShopRSN.framework */,
				848D2CEEF87BA07210476F6C /* Pods_GBShopRSN_GBShopRSNUITests.framework */,
				7CC3F0D613017FC6EF70A7EA /* Pods_GBShopRSNTests.framework */,
			);
			name = Frameworks;
			sourceTree = "<group>";
		};
		C58A508725DD84D500D572F1 /* Authorisation */ = {
			isa = PBXGroup;
			children = (
				C58A506625DD714300D572F1 /* AuthRequestFactory.swift */,
				C58A506B25DD71A100D572F1 /* Auth.swift */,
			);
			path = Authorisation;
			sourceTree = "<group>";
		};
		C58A508825DD850400D572F1 /* SignUp */ = {
			isa = PBXGroup;
			children = (
				C58A508C25DD861100D572F1 /* RegistrationRequestFactory.swift */,
				C58A509E25DDBFC800D572F1 /* Registration.swift */,
			);
			path = SignUp;
			sourceTree = "<group>";
		};
		C58A508925DD850D00D572F1 /* ExitUser */ = {
			isa = PBXGroup;
			children = (
				C58A509625DDBCD400D572F1 /* ExitUserRequestFactory.swift */,
				C58A50B125DDCD2800D572F1 /* ExitUser.swift */,
			);
			path = ExitUser;
			sourceTree = "<group>";
		};
		C58A508A25DD851F00D572F1 /* ChangeUserData */ = {
			isa = PBXGroup;
			children = (
				C58A509125DD869700D572F1 /* ChangeUserDataRequestFactory.swift */,
				C58A50A325DDC4B300D572F1 /* ChangeUserData.swift */,
			);
			path = ChangeUserData;
			sourceTree = "<group>";
		};
		C58A508B25DD858600D572F1 /* RequestFactory */ = {
			isa = PBXGroup;
			children = (
				C58A507025DD733500D572F1 /* RequestFactory.swift */,
			);
			path = RequestFactory;
			sourceTree = "<group>";
		};
		C5A460C825DD6A770089E71C /* Network */ = {
			isa = PBXGroup;
			children = (
				C5A460CC25DD6A9E0089E71C /* AbstractErrorParser.swift */,
				C5A460CB25DD6A9E0089E71C /* ErrorParser.swift */,
				C5A460CA25DD6A9E0089E71C /* ResponseCodable.swift */,
				C5A460C925DD6A9D0089E71C /* AbstractRequestFactory.swift */,
				C5A460E125DD6E630089E71C /* RequestRouter.swift */,
			);
			path = Network;
			sourceTree = "<group>";
		};
		C5A460F025DD70F30089E71C /* Network */ = {
			isa = PBXGroup;
			children = (
				C58A508B25DD858600D572F1 /* RequestFactory */,
				C58A508825DD850400D572F1 /* SignUp */,
				C58A508725DD84D500D572F1 /* Authorisation */,
				C58A508A25DD851F00D572F1 /* ChangeUserData */,
				C58A508925DD850D00D572F1 /* ExitUser */,
			);
			path = Network;
			sourceTree = "<group>";
		};
		C5DCB78925D87D7600220690 = {
			isa = PBXGroup;
			children = (
				C5DCB79425D87D7700220690 /* GBShopRSN */,
				C5DCB7AB25D87D7B00220690 /* GBShopRSNTests */,
				C5DCB7B625D87D7B00220690 /* GBShopRSNUITests */,
				C5DCB79325D87D7700220690 /* Products */,
				2CE7DFF68D22AAD2A9501698 /* Pods */,
				A3FD3902FDAB651397FEA874 /* Frameworks */,
			);
			sourceTree = "<group>";
		};
		C5DCB79325D87D7700220690 /* Products */ = {
			isa = PBXGroup;
			children = (
				C5DCB79225D87D7700220690 /* GBShopRSN.app */,
				C5DCB7A825D87D7B00220690 /* GBShopRSNTests.xctest */,
				C5DCB7B325D87D7B00220690 /* GBShopRSNUITests.xctest */,
			);
			name = Products;
			sourceTree = "<group>";
		};
		C5DCB79425D87D7700220690 /* GBShopRSN */ = {
			isa = PBXGroup;
			children = (
				C5DCB7C825D887D000220690 /* App */,
				C5DCB7CD25D8880C00220690 /* Core */,
				C5DCB7CE25D8881600220690 /* Resources */,
				C5DCB7CF25D8882000220690 /* Environments */,
			);
			path = GBShopRSN;
			sourceTree = "<group>";
		};
		C5DCB7AB25D87D7B00220690 /* GBShopRSNTests */ = {
			isa = PBXGroup;
			children = (
				C52B22C925E12BA600A009CA /* RequestFactoryTests.swift */,
				C5DE21BD25E15067002B5E7F /* SignUpTests.swift */,
				C52B22D125E130D100A009CA /* AuthTests.swift */,
				C5DE21C225E1535D002B5E7F /* ChangeUserDataTests.swift */,
				C52B22D925E1464F00A009CA /* ExitTests.swift */,
				C5DCB7AE25D87D7B00220690 /* Info.plist */,
			);
			path = GBShopRSNTests;
			sourceTree = "<group>";
		};
		C5DCB7B625D87D7B00220690 /* GBShopRSNUITests */ = {
			isa = PBXGroup;
			children = (
				C5DCB7B725D87D7B00220690 /* GBShopRSNUITests.swift */,
				C5DCB7B925D87D7B00220690 /* Info.plist */,
			);
			path = GBShopRSNUITests;
			sourceTree = "<group>";
		};
		C5DCB7C825D887D000220690 /* App */ = {
			isa = PBXGroup;
			children = (
				C5DCB79525D87D7700220690 /* AppDelegate.swift */,
				C5DCB79725D87D7700220690 /* SceneDelegate.swift */,
				C5DCB7C925D887D900220690 /* BusinessLogic */,
				C5DCB7CA25D887E100220690 /* Entity */,
				C5DCB7CB25D887F100220690 /* Assembly */,
				C5DCB7CC25D887FB00220690 /* Flows */,
			);
			path = App;
			sourceTree = "<group>";
		};
		C5DCB7C925D887D900220690 /* BusinessLogic */ = {
			isa = PBXGroup;
			children = (
				C5A460F025DD70F30089E71C /* Network */,
			);
			path = BusinessLogic;
			sourceTree = "<group>";
		};
		C5DCB7CA25D887E100220690 /* Entity */ = {
			isa = PBXGroup;
			children = (
				C5A460EB25DD6FE40089E71C /* User.swift */,
				C58A507F25DD806800D572F1 /* RegistrationResult.swift */,
				C5A460E625DD6FD40089E71C /* LoginResult.swift */,
				C58A507A25DD800F00D572F1 /* PersonalDataChangeResult.swift */,
				C58A507525DD7FB400D572F1 /* LogoutResult.swift */,
			);
			path = Entity;
			sourceTree = "<group>";
		};
		C5DCB7CB25D887F100220690 /* Assembly */ = {
			isa = PBXGroup;
			children = (
			);
			path = Assembly;
			sourceTree = "<group>";
		};
		C5DCB7CC25D887FB00220690 /* Flows */ = {
			isa = PBXGroup;
			children = (
			);
			path = Flows;
			sourceTree = "<group>";
		};
		C5DCB7CD25D8880C00220690 /* Core */ = {
			isa = PBXGroup;
			children = (
				C5A460C825DD6A770089E71C /* Network */,
			);
			path = Core;
			sourceTree = "<group>";
		};
		C5DCB7CE25D8881600220690 /* Resources */ = {
			isa = PBXGroup;
			children = (
				C5DCB79E25D87D7A00220690 /* Assets.xcassets */,
				C5DCB7A025D87D7A00220690 /* LaunchScreen.storyboard */,
			);
			path = Resources;
			sourceTree = "<group>";
		};
		C5DCB7CF25D8882000220690 /* Environments */ = {
			isa = PBXGroup;
			children = (
				C5DCB7A325D87D7A00220690 /* Info.plist */,
			);
			path = Environments;
			sourceTree = "<group>";
		};
/* End PBXGroup section */

/* Begin PBXNativeTarget section */
		C5DCB79125D87D7700220690 /* GBShopRSN */ = {
			isa = PBXNativeTarget;
			buildConfigurationList = C5DCB7BC25D87D7B00220690 /* Build configuration list for PBXNativeTarget "GBShopRSN" */;
			buildPhases = (
				DE4398D16B66FFA17A3F3321 /* [CP] Check Pods Manifest.lock */,
				C5DCB78E25D87D7700220690 /* Sources */,
				C5DCB78F25D87D7700220690 /* Frameworks */,
				C5DCB79025D87D7700220690 /* Resources */,
				4DC1AA00C710AEE3FE95D1AD /* [CP] Embed Pods Frameworks */,
			);
			buildRules = (
			);
			dependencies = (
			);
			name = GBShopRSN;
			productName = GBShopRSN;
			productReference = C5DCB79225D87D7700220690 /* GBShopRSN.app */;
			productType = "com.apple.product-type.application";
		};
		C5DCB7A725D87D7B00220690 /* GBShopRSNTests */ = {
			isa = PBXNativeTarget;
			buildConfigurationList = C5DCB7BF25D87D7B00220690 /* Build configuration list for PBXNativeTarget "GBShopRSNTests" */;
			buildPhases = (
				486ADB0079FFF1A3C3200164 /* [CP] Check Pods Manifest.lock */,
				C5DCB7A425D87D7B00220690 /* Sources */,
				C5DCB7A525D87D7B00220690 /* Frameworks */,
				C5DCB7A625D87D7B00220690 /* Resources */,
			);
			buildRules = (
			);
			dependencies = (
				C5DCB7AA25D87D7B00220690 /* PBXTargetDependency */,
			);
			name = GBShopRSNTests;
			productName = GBShopRSNTests;
			productReference = C5DCB7A825D87D7B00220690 /* GBShopRSNTests.xctest */;
			productType = "com.apple.product-type.bundle.unit-test";
		};
		C5DCB7B225D87D7B00220690 /* GBShopRSNUITests */ = {
			isa = PBXNativeTarget;
			buildConfigurationList = C5DCB7C225D87D7B00220690 /* Build configuration list for PBXNativeTarget "GBShopRSNUITests" */;
			buildPhases = (
				77DA45095C6980F4D912ADA8 /* [CP] Check Pods Manifest.lock */,
				C5DCB7AF25D87D7B00220690 /* Sources */,
				C5DCB7B025D87D7B00220690 /* Frameworks */,
				C5DCB7B125D87D7B00220690 /* Resources */,
				17064764A8F1D256758107B5 /* [CP] Embed Pods Frameworks */,
			);
			buildRules = (
			);
			dependencies = (
				C5DCB7B525D87D7B00220690 /* PBXTargetDependency */,
			);
			name = GBShopRSNUITests;
			productName = GBShopRSNUITests;
			productReference = C5DCB7B325D87D7B00220690 /* GBShopRSNUITests.xctest */;
			productType = "com.apple.product-type.bundle.ui-testing";
		};
/* End PBXNativeTarget section */

/* Begin PBXProject section */
		C5DCB78A25D87D7600220690 /* Project object */ = {
			isa = PBXProject;
			attributes = {
				LastSwiftUpdateCheck = 1240;
				LastUpgradeCheck = 1240;
				TargetAttributes = {
					C5DCB79125D87D7700220690 = {
						CreatedOnToolsVersion = 12.4;
					};
					C5DCB7A725D87D7B00220690 = {
						CreatedOnToolsVersion = 12.4;
						TestTargetID = C5DCB79125D87D7700220690;
					};
					C5DCB7B225D87D7B00220690 = {
						CreatedOnToolsVersion = 12.4;
						TestTargetID = C5DCB79125D87D7700220690;
					};
				};
			};
			buildConfigurationList = C5DCB78D25D87D7600220690 /* Build configuration list for PBXProject "GBShopRSN" */;
			compatibilityVersion = "Xcode 9.3";
			developmentRegion = en;
			hasScannedForEncodings = 0;
			knownRegions = (
				en,
				Base,
			);
			mainGroup = C5DCB78925D87D7600220690;
			productRefGroup = C5DCB79325D87D7700220690 /* Products */;
			projectDirPath = "";
			projectRoot = "";
			targets = (
				C5DCB79125D87D7700220690 /* GBShopRSN */,
				C5DCB7A725D87D7B00220690 /* GBShopRSNTests */,
				C5DCB7B225D87D7B00220690 /* GBShopRSNUITests */,
			);
		};
/* End PBXProject section */

/* Begin PBXResourcesBuildPhase section */
		C5DCB79025D87D7700220690 /* Resources */ = {
			isa = PBXResourcesBuildPhase;
			buildActionMask = 2147483647;
			files = (
				C5DCB7A225D87D7A00220690 /* LaunchScreen.storyboard in Resources */,
				C5DCB79F25D87D7A00220690 /* Assets.xcassets in Resources */,
			);
			runOnlyForDeploymentPostprocessing = 0;
		};
		C5DCB7A625D87D7B00220690 /* Resources */ = {
			isa = PBXResourcesBuildPhase;
			buildActionMask = 2147483647;
			files = (
			);
			runOnlyForDeploymentPostprocessing = 0;
		};
		C5DCB7B125D87D7B00220690 /* Resources */ = {
			isa = PBXResourcesBuildPhase;
			buildActionMask = 2147483647;
			files = (
			);
			runOnlyForDeploymentPostprocessing = 0;
		};
/* End PBXResourcesBuildPhase section */

/* Begin PBXShellScriptBuildPhase section */
		17064764A8F1D256758107B5 /* [CP] Embed Pods Frameworks */ = {
			isa = PBXShellScriptBuildPhase;
			buildActionMask = 2147483647;
			files = (
			);
			inputFileListPaths = (
				"${PODS_ROOT}/Target Support Files/Pods-GBShopRSN-GBShopRSNUITests/Pods-GBShopRSN-GBShopRSNUITests-frameworks-${CONFIGURATION}-input-files.xcfilelist",
			);
			name = "[CP] Embed Pods Frameworks";
			outputFileListPaths = (
				"${PODS_ROOT}/Target Support Files/Pods-GBShopRSN-GBShopRSNUITests/Pods-GBShopRSN-GBShopRSNUITests-frameworks-${CONFIGURATION}-output-files.xcfilelist",
			);
			runOnlyForDeploymentPostprocessing = 0;
			shellPath = /bin/sh;
			shellScript = "\"${PODS_ROOT}/Target Support Files/Pods-GBShopRSN-GBShopRSNUITests/Pods-GBShopRSN-GBShopRSNUITests-frameworks.sh\"\n";
			showEnvVarsInLog = 0;
		};
		486ADB0079FFF1A3C3200164 /* [CP] Check Pods Manifest.lock */ = {
			isa = PBXShellScriptBuildPhase;
			buildActionMask = 2147483647;
			files = (
			);
			inputFileListPaths = (
			);
			inputPaths = (
				"${PODS_PODFILE_DIR_PATH}/Podfile.lock",
				"${PODS_ROOT}/Manifest.lock",
			);
			name = "[CP] Check Pods Manifest.lock";
			outputFileListPaths = (
			);
			outputPaths = (
				"$(DERIVED_FILE_DIR)/Pods-GBShopRSNTests-checkManifestLockResult.txt",
			);
			runOnlyForDeploymentPostprocessing = 0;
			shellPath = /bin/sh;
			shellScript = "diff \"${PODS_PODFILE_DIR_PATH}/Podfile.lock\" \"${PODS_ROOT}/Manifest.lock\" > /dev/null\nif [ $? != 0 ] ; then\n    # print error to STDERR\n    echo \"error: The sandbox is not in sync with the Podfile.lock. Run 'pod install' or update your CocoaPods installation.\" >&2\n    exit 1\nfi\n# This output is used by Xcode 'outputs' to avoid re-running this script phase.\necho \"SUCCESS\" > \"${SCRIPT_OUTPUT_FILE_0}\"\n";
			showEnvVarsInLog = 0;
		};
		4DC1AA00C710AEE3FE95D1AD /* [CP] Embed Pods Frameworks */ = {
			isa = PBXShellScriptBuildPhase;
			buildActionMask = 2147483647;
			files = (
			);
			inputFileListPaths = (
				"${PODS_ROOT}/Target Support Files/Pods-GBShopRSN/Pods-GBShopRSN-frameworks-${CONFIGURATION}-input-files.xcfilelist",
			);
			name = "[CP] Embed Pods Frameworks";
			outputFileListPaths = (
				"${PODS_ROOT}/Target Support Files/Pods-GBShopRSN/Pods-GBShopRSN-frameworks-${CONFIGURATION}-output-files.xcfilelist",
			);
			runOnlyForDeploymentPostprocessing = 0;
			shellPath = /bin/sh;
			shellScript = "\"${PODS_ROOT}/Target Support Files/Pods-GBShopRSN/Pods-GBShopRSN-frameworks.sh\"\n";
			showEnvVarsInLog = 0;
		};
		77DA45095C6980F4D912ADA8 /* [CP] Check Pods Manifest.lock */ = {
			isa = PBXShellScriptBuildPhase;
			buildActionMask = 2147483647;
			files = (
			);
			inputFileListPaths = (
			);
			inputPaths = (
				"${PODS_PODFILE_DIR_PATH}/Podfile.lock",
				"${PODS_ROOT}/Manifest.lock",
			);
			name = "[CP] Check Pods Manifest.lock";
			outputFileListPaths = (
			);
			outputPaths = (
				"$(DERIVED_FILE_DIR)/Pods-GBShopRSN-GBShopRSNUITests-checkManifestLockResult.txt",
			);
			runOnlyForDeploymentPostprocessing = 0;
			shellPath = /bin/sh;
			shellScript = "diff \"${PODS_PODFILE_DIR_PATH}/Podfile.lock\" \"${PODS_ROOT}/Manifest.lock\" > /dev/null\nif [ $? != 0 ] ; then\n    # print error to STDERR\n    echo \"error: The sandbox is not in sync with the Podfile.lock. Run 'pod install' or update your CocoaPods installation.\" >&2\n    exit 1\nfi\n# This output is used by Xcode 'outputs' to avoid re-running this script phase.\necho \"SUCCESS\" > \"${SCRIPT_OUTPUT_FILE_0}\"\n";
			showEnvVarsInLog = 0;
		};
		DE4398D16B66FFA17A3F3321 /* [CP] Check Pods Manifest.lock */ = {
			isa = PBXShellScriptBuildPhase;
			buildActionMask = 2147483647;
			files = (
			);
			inputFileListPaths = (
			);
			inputPaths = (
				"${PODS_PODFILE_DIR_PATH}/Podfile.lock",
				"${PODS_ROOT}/Manifest.lock",
			);
			name = "[CP] Check Pods Manifest.lock";
			outputFileListPaths = (
			);
			outputPaths = (
				"$(DERIVED_FILE_DIR)/Pods-GBShopRSN-checkManifestLockResult.txt",
			);
			runOnlyForDeploymentPostprocessing = 0;
			shellPath = /bin/sh;
			shellScript = "diff \"${PODS_PODFILE_DIR_PATH}/Podfile.lock\" \"${PODS_ROOT}/Manifest.lock\" > /dev/null\nif [ $? != 0 ] ; then\n    # print error to STDERR\n    echo \"error: The sandbox is not in sync with the Podfile.lock. Run 'pod install' or update your CocoaPods installation.\" >&2\n    exit 1\nfi\n# This output is used by Xcode 'outputs' to avoid re-running this script phase.\necho \"SUCCESS\" > \"${SCRIPT_OUTPUT_FILE_0}\"\n";
			showEnvVarsInLog = 0;
		};
/* End PBXShellScriptBuildPhase section */

/* Begin PBXSourcesBuildPhase section */
		C5DCB78E25D87D7700220690 /* Sources */ = {
			isa = PBXSourcesBuildPhase;
			buildActionMask = 2147483647;
			files = (
				C58A507125DD733500D572F1 /* RequestFactory.swift in Sources */,
				C58A50B225DDCD2800D572F1 /* ExitUser.swift in Sources */,
				C5A460CF25DD6A9E0089E71C /* ErrorParser.swift in Sources */,
				C58A507B25DD800F00D572F1 /* PersonalDataChangeResult.swift in Sources */,
				C58A507625DD7FB400D572F1 /* LogoutResult.swift in Sources */,
				C58A509F25DDBFC800D572F1 /* Registration.swift in Sources */,
				C5A460CD25DD6A9E0089E71C /* AbstractRequestFactory.swift in Sources */,
				C58A506725DD714300D572F1 /* AuthRequestFactory.swift in Sources */,
				C58A509725DDBCD400D572F1 /* ExitUserRequestFactory.swift in Sources */,
				C58A508025DD806800D572F1 /* RegistrationResult.swift in Sources */,
				C5A460E225DD6E630089E71C /* RequestRouter.swift in Sources */,
				C5DCB79625D87D7700220690 /* AppDelegate.swift in Sources */,
				C58A509225DD869700D572F1 /* ChangeUserDataRequestFactory.swift in Sources */,
				C5A460E725DD6FD40089E71C /* LoginResult.swift in Sources */,
				C58A506C25DD71A100D572F1 /* Auth.swift in Sources */,
				C5A460EC25DD6FE40089E71C /* User.swift in Sources */,
				C58A50A425DDC4B300D572F1 /* ChangeUserData.swift in Sources */,
				C5A460D025DD6A9E0089E71C /* AbstractErrorParser.swift in Sources */,
				C5A460CE25DD6A9E0089E71C /* ResponseCodable.swift in Sources */,
				C58A508D25DD861100D572F1 /* RegistrationRequestFactory.swift in Sources */,
				C5DCB79825D87D7700220690 /* SceneDelegate.swift in Sources */,
			);
			runOnlyForDeploymentPostprocessing = 0;
		};
		C5DCB7A425D87D7B00220690 /* Sources */ = {
			isa = PBXSourcesBuildPhase;
			buildActionMask = 2147483647;
			files = (
				C5DE21C325E1535D002B5E7F /* ChangeUserDataTests.swift in Sources */,
				C5DE21BE25E15067002B5E7F /* SignUpTests.swift in Sources */,
				C52B22DA25E1464F00A009CA /* ExitTests.swift in Sources */,
				C52B22CA25E12BA600A009CA /* RequestFactoryTests.swift in Sources */,
				C52B22D225E130D100A009CA /* AuthTests.swift in Sources */,
			);
			runOnlyForDeploymentPostprocessing = 0;
		};
		C5DCB7AF25D87D7B00220690 /* Sources */ = {
			isa = PBXSourcesBuildPhase;
			buildActionMask = 2147483647;
			files = (
				C5DCB7B825D87D7B00220690 /* GBShopRSNUITests.swift in Sources */,
			);
			runOnlyForDeploymentPostprocessing = 0;
		};
/* End PBXSourcesBuildPhase section */

/* Begin PBXTargetDependency section */
		C5DCB7AA25D87D7B00220690 /* PBXTargetDependency */ = {
			isa = PBXTargetDependency;
			target = C5DCB79125D87D7700220690 /* GBShopRSN */;
			targetProxy = C5DCB7A925D87D7B00220690 /* PBXContainerItemProxy */;
		};
		C5DCB7B525D87D7B00220690 /* PBXTargetDependency */ = {
			isa = PBXTargetDependency;
			target = C5DCB79125D87D7700220690 /* GBShopRSN */;
			targetProxy = C5DCB7B425D87D7B00220690 /* PBXContainerItemProxy */;
		};
/* End PBXTargetDependency section */

/* Begin PBXVariantGroup section */
		C5DCB7A025D87D7A00220690 /* LaunchScreen.storyboard */ = {
			isa = PBXVariantGroup;
			children = (
				C5DCB7A125D87D7A00220690 /* Base */,
			);
			name = LaunchScreen.storyboard;
			sourceTree = "<group>";
		};
/* End PBXVariantGroup section */

/* Begin XCBuildConfiguration section */
		C5DCB7BA25D87D7B00220690 /* Debug */ = {
			isa = XCBuildConfiguration;
			buildSettings = {
				ALWAYS_SEARCH_USER_PATHS = NO;
				CLANG_ANALYZER_NONNULL = YES;
				CLANG_ANALYZER_NUMBER_OBJECT_CONVERSION = YES_AGGRESSIVE;
				CLANG_CXX_LANGUAGE_STANDARD = "gnu++14";
				CLANG_CXX_LIBRARY = "libc++";
				CLANG_ENABLE_MODULES = YES;
				CLANG_ENABLE_OBJC_ARC = YES;
				CLANG_ENABLE_OBJC_WEAK = YES;
				CLANG_WARN_BLOCK_CAPTURE_AUTORELEASING = YES;
				CLANG_WARN_BOOL_CONVERSION = YES;
				CLANG_WARN_COMMA = YES;
				CLANG_WARN_CONSTANT_CONVERSION = YES;
				CLANG_WARN_DEPRECATED_OBJC_IMPLEMENTATIONS = YES;
				CLANG_WARN_DIRECT_OBJC_ISA_USAGE = YES_ERROR;
				CLANG_WARN_DOCUMENTATION_COMMENTS = YES;
				CLANG_WARN_EMPTY_BODY = YES;
				CLANG_WARN_ENUM_CONVERSION = YES;
				CLANG_WARN_INFINITE_RECURSION = YES;
				CLANG_WARN_INT_CONVERSION = YES;
				CLANG_WARN_NON_LITERAL_NULL_CONVERSION = YES;
				CLANG_WARN_OBJC_IMPLICIT_RETAIN_SELF = YES;
				CLANG_WARN_OBJC_LITERAL_CONVERSION = YES;
				CLANG_WARN_OBJC_ROOT_CLASS = YES_ERROR;
				CLANG_WARN_QUOTED_INCLUDE_IN_FRAMEWORK_HEADER = YES;
				CLANG_WARN_RANGE_LOOP_ANALYSIS = YES;
				CLANG_WARN_STRICT_PROTOTYPES = YES;
				CLANG_WARN_SUSPICIOUS_MOVE = YES;
				CLANG_WARN_UNGUARDED_AVAILABILITY = YES_AGGRESSIVE;
				CLANG_WARN_UNREACHABLE_CODE = YES;
				CLANG_WARN__DUPLICATE_METHOD_MATCH = YES;
				COPY_PHASE_STRIP = NO;
				DEBUG_INFORMATION_FORMAT = dwarf;
				ENABLE_STRICT_OBJC_MSGSEND = YES;
				ENABLE_TESTABILITY = YES;
				GCC_C_LANGUAGE_STANDARD = gnu11;
				GCC_DYNAMIC_NO_PIC = NO;
				GCC_NO_COMMON_BLOCKS = YES;
				GCC_OPTIMIZATION_LEVEL = 0;
				GCC_PREPROCESSOR_DEFINITIONS = (
					"DEBUG=1",
					"$(inherited)",
				);
				GCC_WARN_64_TO_32_BIT_CONVERSION = YES;
				GCC_WARN_ABOUT_RETURN_TYPE = YES_ERROR;
				GCC_WARN_UNDECLARED_SELECTOR = YES;
				GCC_WARN_UNINITIALIZED_AUTOS = YES_AGGRESSIVE;
				GCC_WARN_UNUSED_FUNCTION = YES;
				GCC_WARN_UNUSED_VARIABLE = YES;
				INFOPLIST_FILE = GBShopRSN/Environments/Info.plist;
				IPHONEOS_DEPLOYMENT_TARGET = 14.4;
				MTL_ENABLE_DEBUG_INFO = INCLUDE_SOURCE;
				MTL_FAST_MATH = YES;
				ONLY_ACTIVE_ARCH = YES;
				SDKROOT = iphoneos;
				SWIFT_ACTIVE_COMPILATION_CONDITIONS = DEBUG;
				SWIFT_OPTIMIZATION_LEVEL = "-Onone";
			};
			name = Debug;
		};
		C5DCB7BB25D87D7B00220690 /* Release */ = {
			isa = XCBuildConfiguration;
			buildSettings = {
				ALWAYS_SEARCH_USER_PATHS = NO;
				CLANG_ANALYZER_NONNULL = YES;
				CLANG_ANALYZER_NUMBER_OBJECT_CONVERSION = YES_AGGRESSIVE;
				CLANG_CXX_LANGUAGE_STANDARD = "gnu++14";
				CLANG_CXX_LIBRARY = "libc++";
				CLANG_ENABLE_MODULES = YES;
				CLANG_ENABLE_OBJC_ARC = YES;
				CLANG_ENABLE_OBJC_WEAK = YES;
				CLANG_WARN_BLOCK_CAPTURE_AUTORELEASING = YES;
				CLANG_WARN_BOOL_CONVERSION = YES;
				CLANG_WARN_COMMA = YES;
				CLANG_WARN_CONSTANT_CONVERSION = YES;
				CLANG_WARN_DEPRECATED_OBJC_IMPLEMENTATIONS = YES;
				CLANG_WARN_DIRECT_OBJC_ISA_USAGE = YES_ERROR;
				CLANG_WARN_DOCUMENTATION_COMMENTS = YES;
				CLANG_WARN_EMPTY_BODY = YES;
				CLANG_WARN_ENUM_CONVERSION = YES;
				CLANG_WARN_INFINITE_RECURSION = YES;
				CLANG_WARN_INT_CONVERSION = YES;
				CLANG_WARN_NON_LITERAL_NULL_CONVERSION = YES;
				CLANG_WARN_OBJC_IMPLICIT_RETAIN_SELF = YES;
				CLANG_WARN_OBJC_LITERAL_CONVERSION = YES;
				CLANG_WARN_OBJC_ROOT_CLASS = YES_ERROR;
				CLANG_WARN_QUOTED_INCLUDE_IN_FRAMEWORK_HEADER = YES;
				CLANG_WARN_RANGE_LOOP_ANALYSIS = YES;
				CLANG_WARN_STRICT_PROTOTYPES = YES;
				CLANG_WARN_SUSPICIOUS_MOVE = YES;
				CLANG_WARN_UNGUARDED_AVAILABILITY = YES_AGGRESSIVE;
				CLANG_WARN_UNREACHABLE_CODE = YES;
				CLANG_WARN__DUPLICATE_METHOD_MATCH = YES;
				COPY_PHASE_STRIP = NO;
				DEBUG_INFORMATION_FORMAT = "dwarf-with-dsym";
				ENABLE_NS_ASSERTIONS = NO;
				ENABLE_STRICT_OBJC_MSGSEND = YES;
				GCC_C_LANGUAGE_STANDARD = gnu11;
				GCC_NO_COMMON_BLOCKS = YES;
				GCC_WARN_64_TO_32_BIT_CONVERSION = YES;
				GCC_WARN_ABOUT_RETURN_TYPE = YES_ERROR;
				GCC_WARN_UNDECLARED_SELECTOR = YES;
				GCC_WARN_UNINITIALIZED_AUTOS = YES_AGGRESSIVE;
				GCC_WARN_UNUSED_FUNCTION = YES;
				GCC_WARN_UNUSED_VARIABLE = YES;
				INFOPLIST_FILE = GBShopRSN/Environments/Info.plist;
				IPHONEOS_DEPLOYMENT_TARGET = 14.4;
				MTL_ENABLE_DEBUG_INFO = NO;
				MTL_FAST_MATH = YES;
				SDKROOT = iphoneos;
				SWIFT_COMPILATION_MODE = wholemodule;
				SWIFT_OPTIMIZATION_LEVEL = "-O";
				VALIDATE_PRODUCT = YES;
			};
			name = Release;
		};
		C5DCB7BD25D87D7B00220690 /* Debug */ = {
			isa = XCBuildConfiguration;
			baseConfigurationReference = 1C9738E6E384160B1C321691 /* Pods-GBShopRSN.debug.xcconfig */;
			buildSettings = {
				ASSETCATALOG_COMPILER_APPICON_NAME = AppIcon;
				ASSETCATALOG_COMPILER_GLOBAL_ACCENT_COLOR_NAME = AccentColor;
				CODE_SIGN_STYLE = Automatic;
				INFOPLIST_FILE = GBShopRSN/Environments/Info.plist;
				LD_RUNPATH_SEARCH_PATHS = (
					"$(inherited)",
					"@executable_path/Frameworks",
				);
				PRODUCT_BUNDLE_IDENTIFIER = com.sergey.razgulyaev.GBShopRSN;
				PRODUCT_NAME = "$(TARGET_NAME)";
				SWIFT_VERSION = 5.0;
				TARGETED_DEVICE_FAMILY = "1,2";
			};
			name = Debug;
		};
		C5DCB7BE25D87D7B00220690 /* Release */ = {
			isa = XCBuildConfiguration;
			baseConfigurationReference = 6200074DEF936162C65454C6 /* Pods-GBShopRSN.release.xcconfig */;
			buildSettings = {
				ASSETCATALOG_COMPILER_APPICON_NAME = AppIcon;
				ASSETCATALOG_COMPILER_GLOBAL_ACCENT_COLOR_NAME = AccentColor;
				CODE_SIGN_STYLE = Automatic;
				INFOPLIST_FILE = GBShopRSN/Environments/Info.plist;
				LD_RUNPATH_SEARCH_PATHS = (
					"$(inherited)",
					"@executable_path/Frameworks",
				);
				PRODUCT_BUNDLE_IDENTIFIER = com.sergey.razgulyaev.GBShopRSN;
				PRODUCT_NAME = "$(TARGET_NAME)";
				SWIFT_VERSION = 5.0;
				TARGETED_DEVICE_FAMILY = "1,2";
			};
			name = Release;
		};
		C5DCB7C025D87D7B00220690 /* Debug */ = {
			isa = XCBuildConfiguration;
			baseConfigurationReference = 26514C1B1C79BAB5ACB20BF0 /* Pods-GBShopRSNTests.debug.xcconfig */;
			buildSettings = {
				ALWAYS_EMBED_SWIFT_STANDARD_LIBRARIES = YES;
				BUNDLE_LOADER = "$(TEST_HOST)";
				CODE_SIGN_STYLE = Automatic;
				INFOPLIST_FILE = GBShopRSNTests/Info.plist;
				IPHONEOS_DEPLOYMENT_TARGET = 14.4;
				LD_RUNPATH_SEARCH_PATHS = (
					"$(inherited)",
					"@executable_path/Frameworks",
					"@loader_path/Frameworks",
				);
				PRODUCT_BUNDLE_IDENTIFIER = com.sergey.razgulyaev.GBShopRSNTests;
				PRODUCT_NAME = "$(TARGET_NAME)";
				SWIFT_VERSION = 5.0;
				TARGETED_DEVICE_FAMILY = "1,2";
				TEST_HOST = "$(BUILT_PRODUCTS_DIR)/GBShopRSN.app/GBShopRSN";
			};
			name = Debug;
		};
		C5DCB7C125D87D7B00220690 /* Release */ = {
			isa = XCBuildConfiguration;
			baseConfigurationReference = C539ECB7B02C488EA8BC03CE /* Pods-GBShopRSNTests.release.xcconfig */;
			buildSettings = {
				ALWAYS_EMBED_SWIFT_STANDARD_LIBRARIES = YES;
				BUNDLE_LOADER = "$(TEST_HOST)";
				CODE_SIGN_STYLE = Automatic;
				INFOPLIST_FILE = GBShopRSNTests/Info.plist;
				IPHONEOS_DEPLOYMENT_TARGET = 14.4;
				LD_RUNPATH_SEARCH_PATHS = (
					"$(inherited)",
					"@executable_path/Frameworks",
					"@loader_path/Frameworks",
				);
				PRODUCT_BUNDLE_IDENTIFIER = com.sergey.razgulyaev.GBShopRSNTests;
				PRODUCT_NAME = "$(TARGET_NAME)";
				SWIFT_VERSION = 5.0;
				TARGETED_DEVICE_FAMILY = "1,2";
				TEST_HOST = "$(BUILT_PRODUCTS_DIR)/GBShopRSN.app/GBShopRSN";
			};
			name = Release;
		};
		C5DCB7C325D87D7B00220690 /* Debug */ = {
			isa = XCBuildConfiguration;
			baseConfigurationReference = E126035AB05F93433CA2BF23 /* Pods-GBShopRSN-GBShopRSNUITests.debug.xcconfig */;
			buildSettings = {
				ALWAYS_EMBED_SWIFT_STANDARD_LIBRARIES = YES;
				CODE_SIGN_STYLE = Automatic;
				INFOPLIST_FILE = GBShopRSNUITests/Info.plist;
				LD_RUNPATH_SEARCH_PATHS = (
					"$(inherited)",
					"@executable_path/Frameworks",
					"@loader_path/Frameworks",
				);
				PRODUCT_BUNDLE_IDENTIFIER = com.sergey.razgulyaev.GBShopRSNUITests;
				PRODUCT_NAME = "$(TARGET_NAME)";
				SWIFT_VERSION = 5.0;
				TARGETED_DEVICE_FAMILY = "1,2";
				TEST_TARGET_NAME = GBShopRSN;
			};
			name = Debug;
		};
		C5DCB7C425D87D7B00220690 /* Release */ = {
			isa = XCBuildConfiguration;
			baseConfigurationReference = 864F2F787F4168CAB4F740C1 /* Pods-GBShopRSN-GBShopRSNUITests.release.xcconfig */;
			buildSettings = {
				ALWAYS_EMBED_SWIFT_STANDARD_LIBRARIES = YES;
				CODE_SIGN_STYLE = Automatic;
				INFOPLIST_FILE = GBShopRSNUITests/Info.plist;
				LD_RUNPATH_SEARCH_PATHS = (
					"$(inherited)",
					"@executable_path/Frameworks",
					"@loader_path/Frameworks",
				);
				PRODUCT_BUNDLE_IDENTIFIER = com.sergey.razgulyaev.GBShopRSNUITests;
				PRODUCT_NAME = "$(TARGET_NAME)";
				SWIFT_VERSION = 5.0;
				TARGETED_DEVICE_FAMILY = "1,2";
				TEST_TARGET_NAME = GBShopRSN;
			};
			name = Release;
		};
/* End XCBuildConfiguration section */

/* Begin XCConfigurationList section */
		C5DCB78D25D87D7600220690 /* Build configuration list for PBXProject "GBShopRSN" */ = {
			isa = XCConfigurationList;
			buildConfigurations = (
				C5DCB7BA25D87D7B00220690 /* Debug */,
				C5DCB7BB25D87D7B00220690 /* Release */,
			);
			defaultConfigurationIsVisible = 0;
			defaultConfigurationName = Release;
		};
		C5DCB7BC25D87D7B00220690 /* Build configuration list for PBXNativeTarget "GBShopRSN" */ = {
			isa = XCConfigurationList;
			buildConfigurations = (
				C5DCB7BD25D87D7B00220690 /* Debug */,
				C5DCB7BE25D87D7B00220690 /* Release */,
			);
			defaultConfigurationIsVisible = 0;
			defaultConfigurationName = Release;
		};
		C5DCB7BF25D87D7B00220690 /* Build configuration list for PBXNativeTarget "GBShopRSNTests" */ = {
			isa = XCConfigurationList;
			buildConfigurations = (
				C5DCB7C025D87D7B00220690 /* Debug */,
				C5DCB7C125D87D7B00220690 /* Release */,
			);
			defaultConfigurationIsVisible = 0;
			defaultConfigurationName = Release;
		};
		C5DCB7C225D87D7B00220690 /* Build configuration list for PBXNativeTarget "GBShopRSNUITests" */ = {
			isa = XCConfigurationList;
			buildConfigurations = (
				C5DCB7C325D87D7B00220690 /* Debug */,
				C5DCB7C425D87D7B00220690 /* Release */,
			);
			defaultConfigurationIsVisible = 0;
			defaultConfigurationName = Release;
		};
/* End XCConfigurationList section */
	};
	rootObject = C5DCB78A25D87D7600220690 /* Project object */;
}
